// !$*UTF8*$!
{
	archiveVersion = 1;
	classes = {
	};
	objectVersion = 46;
	objects = {

/* Begin PBXBuildFile section */
		F91D26311D24B436005120A6 /* main.m in Sources */ = {isa = PBXBuildFile; fileRef = F91D26301D24B436005120A6 /* main.m */; };
		F91D26341D24B436005120A6 /* AppDelegate.m in Sources */ = {isa = PBXBuildFile; fileRef = F91D26331D24B436005120A6 /* AppDelegate.m */; };
		F91D263C1D24B436005120A6 /* Assets.xcassets in Resources */ = {isa = PBXBuildFile; fileRef = F91D263B1D24B436005120A6 /* Assets.xcassets */; };
		F91D264A1D24B436005120A6 /* BaisiTests.m in Sources */ = {isa = PBXBuildFile; fileRef = F91D26491D24B436005120A6 /* BaisiTests.m */; };
		F91D26551D24B436005120A6 /* BaisiUITests.m in Sources */ = {isa = PBXBuildFile; fileRef = F91D26541D24B436005120A6 /* BaisiUITests.m */; };
		F95CEC951D56E78A007A8368 /* BSLoginViewController.m in Sources */ = {isa = PBXBuildFile; fileRef = F95CEC931D56E78A007A8368 /* BSLoginViewController.m */; };
		F95CEC961D56E78A007A8368 /* BSLoginViewController.xib in Resources */ = {isa = PBXBuildFile; fileRef = F95CEC941D56E78A007A8368 /* BSLoginViewController.xib */; };
		F95CEC991D56EA4D007A8368 /* BSQuickLoginButton.m in Sources */ = {isa = PBXBuildFile; fileRef = F95CEC981D56EA4D007A8368 /* BSQuickLoginButton.m */; };
		F95CEC9B1D56EFFB007A8368 /* BSFollowViewController.xib in Resources */ = {isa = PBXBuildFile; fileRef = F95CEC9A1D56EFFB007A8368 /* BSFollowViewController.xib */; };
		F98B78E81D30EE2D00883137 /* UIView+BSExtension.m in Sources */ = {isa = PBXBuildFile; fileRef = F98B78E11D30EE2D00883137 /* UIView+BSExtension.m */; };
		F98B78E91D30EE2D00883137 /* BSTabBar.m in Sources */ = {isa = PBXBuildFile; fileRef = F98B78E41D30EE2D00883137 /* BSTabBar.m */; };
		F98B78EA1D30EE2D00883137 /* BSTabBarController.m in Sources */ = {isa = PBXBuildFile; fileRef = F98B78E61D30EE2D00883137 /* BSTabBarController.m */; };
		F9945D2D1D30EF0F00AECDAF /* BSEssenceViewController.m in Sources */ = {isa = PBXBuildFile; fileRef = F9945D2C1D30EF0F00AECDAF /* BSEssenceViewController.m */; };
		F9945D301D30EF1E00AECDAF /* BSFollowViewController.m in Sources */ = {isa = PBXBuildFile; fileRef = F9945D2F1D30EF1E00AECDAF /* BSFollowViewController.m */; };
		F9945D331D30EF3000AECDAF /* BSMeViewController.m in Sources */ = {isa = PBXBuildFile; fileRef = F9945D321D30EF3000AECDAF /* BSMeViewController.m */; };
		F9945D361D30EF3F00AECDAF /* BSNewViewController.m in Sources */ = {isa = PBXBuildFile; fileRef = F9945D351D30EF3F00AECDAF /* BSNewViewController.m */; };
		F9945D391D30F1E800AECDAF /* UIBarButtonItem+BSExtension.m in Sources */ = {isa = PBXBuildFile; fileRef = F9945D381D30F1E800AECDAF /* UIBarButtonItem+BSExtension.m */; };
		F9945D3C1D30F43B00AECDAF /* BSNavigationController.m in Sources */ = {isa = PBXBuildFile; fileRef = F9945D3B1D30F43B00AECDAF /* BSNavigationController.m */; };
		F9B7407C1D30FE87002AF894 /* BSSettingViewController.m in Sources */ = {isa = PBXBuildFile; fileRef = F9B7407B1D30FE87002AF894 /* BSSettingViewController.m */; };
		F9B7407F1D3100E8002AF894 /* BSRecommandFollowViewController.m in Sources */ = {isa = PBXBuildFile; fileRef = F9B7407E1D3100E8002AF894 /* BSRecommandFollowViewController.m */; };
/* End PBXBuildFile section */

/* Begin PBXContainerItemProxy section */
		F91D26461D24B436005120A6 /* PBXContainerItemProxy */ = {
			isa = PBXContainerItemProxy;
			containerPortal = F91D26241D24B436005120A6 /* Project object */;
			proxyType = 1;
			remoteGlobalIDString = F91D262B1D24B436005120A6;
			remoteInfo = Baisi;
		};
		F91D26511D24B436005120A6 /* PBXContainerItemProxy */ = {
			isa = PBXContainerItemProxy;
			containerPortal = F91D26241D24B436005120A6 /* Project object */;
			proxyType = 1;
			remoteGlobalIDString = F91D262B1D24B436005120A6;
			remoteInfo = Baisi;
		};
/* End PBXContainerItemProxy section */

/* Begin PBXFileReference section */
		F91D262C1D24B436005120A6 /* Baisi.app */ = {isa = PBXFileReference; explicitFileType = wrapper.application; includeInIndex = 0; path = Baisi.app; sourceTree = BUILT_PRODUCTS_DIR; };
		F91D26301D24B436005120A6 /* main.m */ = {isa = PBXFileReference; lastKnownFileType = sourcecode.c.objc; name = main.m; path = ../../main.m; sourceTree = "<group>"; };
		F91D26321D24B436005120A6 /* AppDelegate.h */ = {isa = PBXFileReference; lastKnownFileType = sourcecode.c.h; name = AppDelegate.h; path = ../../AppDelegate.h; sourceTree = "<group>"; };
		F91D26331D24B436005120A6 /* AppDelegate.m */ = {isa = PBXFileReference; lastKnownFileType = sourcecode.c.objc; name = AppDelegate.m; path = ../../AppDelegate.m; sourceTree = "<group>"; };
		F91D263B1D24B436005120A6 /* Assets.xcassets */ = {isa = PBXFileReference; lastKnownFileType = folder.assetcatalog; path = Assets.xcassets; sourceTree = "<group>"; };
		F91D26401D24B436005120A6 /* Info.plist */ = {isa = PBXFileReference; lastKnownFileType = text.plist.xml; path = Info.plist; sourceTree = "<group>"; };
		F91D26451D24B436005120A6 /* BaisiTests.xctest */ = {isa = PBXFileReference; explicitFileType = wrapper.cfbundle; includeInIndex = 0; path = BaisiTests.xctest; sourceTree = BUILT_PRODUCTS_DIR; };
		F91D26491D24B436005120A6 /* BaisiTests.m */ = {isa = PBXFileReference; lastKnownFileType = sourcecode.c.objc; path = BaisiTests.m; sourceTree = "<group>"; };
		F91D264B1D24B436005120A6 /* Info.plist */ = {isa = PBXFileReference; lastKnownFileType = text.plist.xml; path = Info.plist; sourceTree = "<group>"; };
		F91D26501D24B436005120A6 /* BaisiUITests.xctest */ = {isa = PBXFileReference; explicitFileType = wrapper.cfbundle; includeInIndex = 0; path = BaisiUITests.xctest; sourceTree = BUILT_PRODUCTS_DIR; };
		F91D26541D24B436005120A6 /* BaisiUITests.m */ = {isa = PBXFileReference; lastKnownFileType = sourcecode.c.objc; path = BaisiUITests.m; sourceTree = "<group>"; };
		F91D26561D24B436005120A6 /* Info.plist */ = {isa = PBXFileReference; lastKnownFileType = text.plist.xml; path = Info.plist; sourceTree = "<group>"; };
		F95CEC921D56E78A007A8368 /* BSLoginViewController.h */ = {isa = PBXFileReference; fileEncoding = 4; lastKnownFileType = sourcecode.c.h; path = BSLoginViewController.h; sourceTree = "<group>"; };
		F95CEC931D56E78A007A8368 /* BSLoginViewController.m */ = {isa = PBXFileReference; fileEncoding = 4; lastKnownFileType = sourcecode.c.objc; path = BSLoginViewController.m; sourceTree = "<group>"; };
		F95CEC941D56E78A007A8368 /* BSLoginViewController.xib */ = {isa = PBXFileReference; fileEncoding = 4; lastKnownFileType = file.xib; path = BSLoginViewController.xib; sourceTree = "<group>"; };
		F95CEC971D56EA4D007A8368 /* BSQuickLoginButton.h */ = {isa = PBXFileReference; fileEncoding = 4; lastKnownFileType = sourcecode.c.h; path = BSQuickLoginButton.h; sourceTree = "<group>"; };
		F95CEC981D56EA4D007A8368 /* BSQuickLoginButton.m */ = {isa = PBXFileReference; fileEncoding = 4; lastKnownFileType = sourcecode.c.objc; path = BSQuickLoginButton.m; sourceTree = "<group>"; };
		F95CEC9A1D56EFFB007A8368 /* BSFollowViewController.xib */ = {isa = PBXFileReference; fileEncoding = 4; lastKnownFileType = file.xib; path = BSFollowViewController.xib; sourceTree = "<group>"; };
		F98B78E01D30EE2D00883137 /* UIView+BSExtension.h */ = {isa = PBXFileReference; fileEncoding = 4; lastKnownFileType = sourcecode.c.h; path = "UIView+BSExtension.h"; sourceTree = "<group>"; };
		F98B78E11D30EE2D00883137 /* UIView+BSExtension.m */ = {isa = PBXFileReference; fileEncoding = 4; lastKnownFileType = sourcecode.c.objc; path = "UIView+BSExtension.m"; sourceTree = "<group>"; };
		F98B78E31D30EE2D00883137 /* BSTabBar.h */ = {isa = PBXFileReference; fileEncoding = 4; lastKnownFileType = sourcecode.c.h; path = BSTabBar.h; sourceTree = "<group>"; };
		F98B78E41D30EE2D00883137 /* BSTabBar.m */ = {isa = PBXFileReference; fileEncoding = 4; lastKnownFileType = sourcecode.c.objc; path = BSTabBar.m; sourceTree = "<group>"; };
		F98B78E51D30EE2D00883137 /* BSTabBarController.h */ = {isa = PBXFileReference; fileEncoding = 4; lastKnownFileType = sourcecode.c.h; path = BSTabBarController.h; sourceTree = "<group>"; };
		F98B78E61D30EE2D00883137 /* BSTabBarController.m */ = {isa = PBXFileReference; fileEncoding = 4; lastKnownFileType = sourcecode.c.objc; path = BSTabBarController.m; sourceTree = "<group>"; };
		F9945D2B1D30EF0F00AECDAF /* BSEssenceViewController.h */ = {isa = PBXFileReference; fileEncoding = 4; lastKnownFileType = sourcecode.c.h; path = BSEssenceViewController.h; sourceTree = "<group>"; };
		F9945D2C1D30EF0F00AECDAF /* BSEssenceViewController.m */ = {isa = PBXFileReference; fileEncoding = 4; lastKnownFileType = sourcecode.c.objc; path = BSEssenceViewController.m; sourceTree = "<group>"; };
		F9945D2E1D30EF1E00AECDAF /* BSFollowViewController.h */ = {isa = PBXFileReference; fileEncoding = 4; lastKnownFileType = sourcecode.c.h; path = BSFollowViewController.h; sourceTree = "<group>"; };
		F9945D2F1D30EF1E00AECDAF /* BSFollowViewController.m */ = {isa = PBXFileReference; fileEncoding = 4; lastKnownFileType = sourcecode.c.objc; path = BSFollowViewController.m; sourceTree = "<group>"; };
		F9945D311D30EF3000AECDAF /* BSMeViewController.h */ = {isa = PBXFileReference; fileEncoding = 4; lastKnownFileType = sourcecode.c.h; path = BSMeViewController.h; sourceTree = "<group>"; };
		F9945D321D30EF3000AECDAF /* BSMeViewController.m */ = {isa = PBXFileReference; fileEncoding = 4; lastKnownFileType = sourcecode.c.objc; path = BSMeViewController.m; sourceTree = "<group>"; };
		F9945D341D30EF3F00AECDAF /* BSNewViewController.h */ = {isa = PBXFileReference; fileEncoding = 4; lastKnownFileType = sourcecode.c.h; path = BSNewViewController.h; sourceTree = "<group>"; };
		F9945D351D30EF3F00AECDAF /* BSNewViewController.m */ = {isa = PBXFileReference; fileEncoding = 4; lastKnownFileType = sourcecode.c.objc; path = BSNewViewController.m; sourceTree = "<group>"; };
		F9945D371D30F1E800AECDAF /* UIBarButtonItem+BSExtension.h */ = {isa = PBXFileReference; fileEncoding = 4; lastKnownFileType = sourcecode.c.h; path = "UIBarButtonItem+BSExtension.h"; sourceTree = "<group>"; };
		F9945D381D30F1E800AECDAF /* UIBarButtonItem+BSExtension.m */ = {isa = PBXFileReference; fileEncoding = 4; lastKnownFileType = sourcecode.c.objc; path = "UIBarButtonItem+BSExtension.m"; sourceTree = "<group>"; };
		F9945D3A1D30F43B00AECDAF /* BSNavigationController.h */ = {isa = PBXFileReference; fileEncoding = 4; lastKnownFileType = sourcecode.c.h; path = BSNavigationController.h; sourceTree = "<group>"; };
		F9945D3B1D30F43B00AECDAF /* BSNavigationController.m */ = {isa = PBXFileReference; fileEncoding = 4; lastKnownFileType = sourcecode.c.objc; path = BSNavigationController.m; sourceTree = "<group>"; };
		F9B5EDA41D27717700590A2E /* PrefixHeader.pch */ = {isa = PBXFileReference; lastKnownFileType = sourcecode.c.h; path = PrefixHeader.pch; sourceTree = "<group>"; };
		F9B7407A1D30FE87002AF894 /* BSSettingViewController.h */ = {isa = PBXFileReference; fileEncoding = 4; lastKnownFileType = sourcecode.c.h; path = BSSettingViewController.h; sourceTree = "<group>"; };
		F9B7407B1D30FE87002AF894 /* BSSettingViewController.m */ = {isa = PBXFileReference; fileEncoding = 4; lastKnownFileType = sourcecode.c.objc; path = BSSettingViewController.m; sourceTree = "<group>"; };
		F9B7407D1D3100E8002AF894 /* BSRecommandFollowViewController.h */ = {isa = PBXFileReference; fileEncoding = 4; lastKnownFileType = sourcecode.c.h; path = BSRecommandFollowViewController.h; sourceTree = "<group>"; };
		F9B7407E1D3100E8002AF894 /* BSRecommandFollowViewController.m */ = {isa = PBXFileReference; fileEncoding = 4; lastKnownFileType = sourcecode.c.objc; path = BSRecommandFollowViewController.m; sourceTree = "<group>"; };
/* End PBXFileReference section */

/* Begin PBXFrameworksBuildPhase section */
		F91D26291D24B436005120A6 /* Frameworks */ = {
			isa = PBXFrameworksBuildPhase;
			buildActionMask = 2147483647;
			files = (
			);
			runOnlyForDeploymentPostprocessing = 0;
		};
		F91D26421D24B436005120A6 /* Frameworks */ = {
			isa = PBXFrameworksBuildPhase;
			buildActionMask = 2147483647;
			files = (
			);
			runOnlyForDeploymentPostprocessing = 0;
		};
		F91D264D1D24B436005120A6 /* Frameworks */ = {
			isa = PBXFrameworksBuildPhase;
			buildActionMask = 2147483647;
			files = (
			);
			runOnlyForDeploymentPostprocessing = 0;
		};
/* End PBXFrameworksBuildPhase section */

/* Begin PBXGroup section */
		F91D26231D24B436005120A6 = {
			isa = PBXGroup;
			children = (
				F91D262E1D24B436005120A6 /* Baisi */,
				F91D26481D24B436005120A6 /* BaisiTests */,
				F91D26531D24B436005120A6 /* BaisiUITests */,
				F91D262D1D24B436005120A6 /* Products */,
			);
			sourceTree = "<group>";
		};
		F91D262D1D24B436005120A6 /* Products */ = {
			isa = PBXGroup;
			children = (
				F91D262C1D24B436005120A6 /* Baisi.app */,
				F91D26451D24B436005120A6 /* BaisiTests.xctest */,
				F91D26501D24B436005120A6 /* BaisiUITests.xctest */,
			);
			name = Products;
			sourceTree = "<group>";
		};
		F91D262E1D24B436005120A6 /* Baisi */ = {
			isa = PBXGroup;
			children = (
				F91D26621D24B57A005120A6 /* Classes */,
				F91D262F1D24B436005120A6 /* Supporting Files */,
			);
			path = Baisi;
			sourceTree = "<group>";
		};
		F91D262F1D24B436005120A6 /* Supporting Files */ = {
			isa = PBXGroup;
			children = (
				F91D263B1D24B436005120A6 /* Assets.xcassets */,
				F91D26401D24B436005120A6 /* Info.plist */,
				F9B5EDA41D27717700590A2E /* PrefixHeader.pch */,
			);
			name = "Supporting Files";
			sourceTree = "<group>";
		};
		F91D26481D24B436005120A6 /* BaisiTests */ = {
			isa = PBXGroup;
			children = (
				F91D26491D24B436005120A6 /* BaisiTests.m */,
				F91D264B1D24B436005120A6 /* Info.plist */,
			);
			path = BaisiTests;
			sourceTree = "<group>";
		};
		F91D26531D24B436005120A6 /* BaisiUITests */ = {
			isa = PBXGroup;
			children = (
				F91D26541D24B436005120A6 /* BaisiUITests.m */,
				F91D26561D24B436005120A6 /* Info.plist */,
			);
			path = BaisiUITests;
			sourceTree = "<group>";
		};
		F91D26621D24B57A005120A6 /* Classes */ = {
			isa = PBXGroup;
			children = (
				F98B78CE1D30EE2D00883137 /* Essence-精华 */,
				F98B78D21D30EE2D00883137 /* Follow-关注 */,
				F98B78D61D30EE2D00883137 /* Me-我 */,
				F98B78DA1D30EE2D00883137 /* New-新帖 */,
				F98B78DE1D30EE2D00883137 /* Other-其他 */,
			);
			path = Classes;
			sourceTree = "<group>";
		};
		F98B78CE1D30EE2D00883137 /* Essence-精华 */ = {
			isa = PBXGroup;
			children = (
				F98B78CF1D30EE2D00883137 /* Controller */,
				F98B78D01D30EE2D00883137 /* Model */,
				F98B78D11D30EE2D00883137 /* View */,
			);
			path = "Essence-精华";
			sourceTree = "<group>";
		};
		F98B78CF1D30EE2D00883137 /* Controller */ = {
			isa = PBXGroup;
			children = (
				F9945D2B1D30EF0F00AECDAF /* BSEssenceViewController.h */,
				F9945D2C1D30EF0F00AECDAF /* BSEssenceViewController.m */,
			);
			path = Controller;
			sourceTree = "<group>";
		};
		F98B78D01D30EE2D00883137 /* Model */ = {
			isa = PBXGroup;
			children = (
			);
			path = Model;
			sourceTree = "<group>";
		};
		F98B78D11D30EE2D00883137 /* View */ = {
			isa = PBXGroup;
			children = (
			);
			path = View;
			sourceTree = "<group>";
		};
		F98B78D21D30EE2D00883137 /* Follow-关注 */ = {
			isa = PBXGroup;
			children = (
				F98B78D31D30EE2D00883137 /* Controller */,
				F98B78D41D30EE2D00883137 /* Model */,
				F98B78D51D30EE2D00883137 /* View */,
			);
			path = "Follow-关注";
			sourceTree = "<group>";
		};
		F98B78D31D30EE2D00883137 /* Controller */ = {
			isa = PBXGroup;
			children = (
				F9945D2E1D30EF1E00AECDAF /* BSFollowViewController.h */,
				F9945D2F1D30EF1E00AECDAF /* BSFollowViewController.m */,
				F9B7407D1D3100E8002AF894 /* BSRecommandFollowViewController.h */,
				F9B7407E1D3100E8002AF894 /* BSRecommandFollowViewController.m */,
				F95CEC9A1D56EFFB007A8368 /* BSFollowViewController.xib */,
			);
			path = Controller;
			sourceTree = "<group>";
		};
		F98B78D41D30EE2D00883137 /* Model */ = {
			isa = PBXGroup;
			children = (
			);
			path = Model;
			sourceTree = "<group>";
		};
		F98B78D51D30EE2D00883137 /* View */ = {
			isa = PBXGroup;
			children = (
			);
			path = View;
			sourceTree = "<group>";
		};
		F98B78D61D30EE2D00883137 /* Me-我 */ = {
			isa = PBXGroup;
			children = (
				F98B78D71D30EE2D00883137 /* Controller */,
				F98B78D81D30EE2D00883137 /* Model */,
				F98B78D91D30EE2D00883137 /* View */,
			);
			path = "Me-我";
			sourceTree = "<group>";
		};
		F98B78D71D30EE2D00883137 /* Controller */ = {
			isa = PBXGroup;
			children = (
				F9945D311D30EF3000AECDAF /* BSMeViewController.h */,
				F9945D321D30EF3000AECDAF /* BSMeViewController.m */,
				F9B7407A1D30FE87002AF894 /* BSSettingViewController.h */,
				F9B7407B1D30FE87002AF894 /* BSSettingViewController.m */,
			);
			path = Controller;
			sourceTree = "<group>";
		};
		F98B78D81D30EE2D00883137 /* Model */ = {
			isa = PBXGroup;
			children = (
			);
			path = Model;
			sourceTree = "<group>";
		};
		F98B78D91D30EE2D00883137 /* View */ = {
			isa = PBXGroup;
			children = (
			);
			path = View;
			sourceTree = "<group>";
		};
		F98B78DA1D30EE2D00883137 /* New-新帖 */ = {
			isa = PBXGroup;
			children = (
				F98B78DB1D30EE2D00883137 /* Controller */,
				F98B78DC1D30EE2D00883137 /* Model */,
				F98B78DD1D30EE2D00883137 /* View */,
			);
			path = "New-新帖";
			sourceTree = "<group>";
		};
		F98B78DB1D30EE2D00883137 /* Controller */ = {
			isa = PBXGroup;
			children = (
				F9945D341D30EF3F00AECDAF /* BSNewViewController.h */,
				F9945D351D30EF3F00AECDAF /* BSNewViewController.m */,
			);
			path = Controller;
			sourceTree = "<group>";
		};
		F98B78DC1D30EE2D00883137 /* Model */ = {
			isa = PBXGroup;
			children = (
			);
			path = Model;
			sourceTree = "<group>";
		};
		F98B78DD1D30EE2D00883137 /* View */ = {
			isa = PBXGroup;
			children = (
			);
			path = View;
			sourceTree = "<group>";
		};
		F98B78DE1D30EE2D00883137 /* Other-其他 */ = {
			isa = PBXGroup;
			children = (
				F91D26321D24B436005120A6 /* AppDelegate.h */,
				F91D26331D24B436005120A6 /* AppDelegate.m */,
				F91D26301D24B436005120A6 /* main.m */,
				F98B78DF1D30EE2D00883137 /* Category */,
				F98B78E21D30EE2D00883137 /* Controller */,
				F98B78E71D30EE2D00883137 /* View */,
			);
			path = "Other-其他";
			sourceTree = "<group>";
		};
		F98B78DF1D30EE2D00883137 /* Category */ = {
			isa = PBXGroup;
			children = (
				F98B78E01D30EE2D00883137 /* UIView+BSExtension.h */,
				F98B78E11D30EE2D00883137 /* UIView+BSExtension.m */,
				F9945D371D30F1E800AECDAF /* UIBarButtonItem+BSExtension.h */,
				F9945D381D30F1E800AECDAF /* UIBarButtonItem+BSExtension.m */,
			);
			path = Category;
			sourceTree = "<group>";
		};
		F98B78E21D30EE2D00883137 /* Controller */ = {
			isa = PBXGroup;
			children = (
				F98B78E31D30EE2D00883137 /* BSTabBar.h */,
				F98B78E41D30EE2D00883137 /* BSTabBar.m */,
				F98B78E51D30EE2D00883137 /* BSTabBarController.h */,
				F98B78E61D30EE2D00883137 /* BSTabBarController.m */,
				F9945D3A1D30F43B00AECDAF /* BSNavigationController.h */,
				F9945D3B1D30F43B00AECDAF /* BSNavigationController.m */,
				F95CEC921D56E78A007A8368 /* BSLoginViewController.h */,
				F95CEC931D56E78A007A8368 /* BSLoginViewController.m */,
				F95CEC941D56E78A007A8368 /* BSLoginViewController.xib */,
			);
			path = Controller;
			sourceTree = "<group>";
		};
		F98B78E71D30EE2D00883137 /* View */ = {
			isa = PBXGroup;
			children = (
				F95CEC971D56EA4D007A8368 /* BSQuickLoginButton.h */,
				F95CEC981D56EA4D007A8368 /* BSQuickLoginButton.m */,
			);
			path = View;
			sourceTree = "<group>";
		};
/* End PBXGroup section */

/* Begin PBXNativeTarget section */
		F91D262B1D24B436005120A6 /* Baisi */ = {
			isa = PBXNativeTarget;
			buildConfigurationList = F91D26591D24B436005120A6 /* Build configuration list for PBXNativeTarget "Baisi" */;
			buildPhases = (
				F91D26281D24B436005120A6 /* Sources */,
				F91D26291D24B436005120A6 /* Frameworks */,
				F91D262A1D24B436005120A6 /* Resources */,
			);
			buildRules = (
			);
			dependencies = (
			);
			name = Baisi;
			productName = Baisi;
			productReference = F91D262C1D24B436005120A6 /* Baisi.app */;
			productType = "com.apple.product-type.application";
		};
		F91D26441D24B436005120A6 /* BaisiTests */ = {
			isa = PBXNativeTarget;
			buildConfigurationList = F91D265C1D24B436005120A6 /* Build configuration list for PBXNativeTarget "BaisiTests" */;
			buildPhases = (
				F91D26411D24B436005120A6 /* Sources */,
				F91D26421D24B436005120A6 /* Frameworks */,
				F91D26431D24B436005120A6 /* Resources */,
			);
			buildRules = (
			);
			dependencies = (
				F91D26471D24B436005120A6 /* PBXTargetDependency */,
			);
			name = BaisiTests;
			productName = BaisiTests;
			productReference = F91D26451D24B436005120A6 /* BaisiTests.xctest */;
			productType = "com.apple.product-type.bundle.unit-test";
		};
		F91D264F1D24B436005120A6 /* BaisiUITests */ = {
			isa = PBXNativeTarget;
			buildConfigurationList = F91D265F1D24B436005120A6 /* Build configuration list for PBXNativeTarget "BaisiUITests" */;
			buildPhases = (
				F91D264C1D24B436005120A6 /* Sources */,
				F91D264D1D24B436005120A6 /* Frameworks */,
				F91D264E1D24B436005120A6 /* Resources */,
			);
			buildRules = (
			);
			dependencies = (
				F91D26521D24B436005120A6 /* PBXTargetDependency */,
			);
			name = BaisiUITests;
			productName = BaisiUITests;
			productReference = F91D26501D24B436005120A6 /* BaisiUITests.xctest */;
			productType = "com.apple.product-type.bundle.ui-testing";
		};
/* End PBXNativeTarget section */

/* Begin PBXProject section */
		F91D26241D24B436005120A6 /* Project object */ = {
			isa = PBXProject;
			attributes = {
				CLASSPREFIX = BS;
				LastUpgradeCheck = 0720;
				ORGANIZATIONNAME = imanol;
				TargetAttributes = {
					F91D262B1D24B436005120A6 = {
						CreatedOnToolsVersion = 7.2;
					};
					F91D26441D24B436005120A6 = {
						CreatedOnToolsVersion = 7.2;
						TestTargetID = F91D262B1D24B436005120A6;
					};
					F91D264F1D24B436005120A6 = {
						CreatedOnToolsVersion = 7.2;
						TestTargetID = F91D262B1D24B436005120A6;
					};
				};
			};
			buildConfigurationList = F91D26271D24B436005120A6 /* Build configuration list for PBXProject "Baisi" */;
			compatibilityVersion = "Xcode 3.2";
			developmentRegion = English;
			hasScannedForEncodings = 0;
			knownRegions = (
				en,
				Base,
			);
			mainGroup = F91D26231D24B436005120A6;
			productRefGroup = F91D262D1D24B436005120A6 /* Products */;
			projectDirPath = "";
			projectRoot = "";
			targets = (
				F91D262B1D24B436005120A6 /* Baisi */,
				F91D26441D24B436005120A6 /* BaisiTests */,
				F91D264F1D24B436005120A6 /* BaisiUITests */,
			);
		};
/* End PBXProject section */

/* Begin PBXResourcesBuildPhase section */
		F91D262A1D24B436005120A6 /* Resources */ = {
			isa = PBXResourcesBuildPhase;
			buildActionMask = 2147483647;
			files = (
				F91D263C1D24B436005120A6 /* Assets.xcassets in Resources */,
				F95CEC9B1D56EFFB007A8368 /* BSFollowViewController.xib in Resources */,
				F95CEC961D56E78A007A8368 /* BSLoginViewController.xib in Resources */,
			);
			runOnlyForDeploymentPostprocessing = 0;
		};
		F91D26431D24B436005120A6 /* Resources */ = {
			isa = PBXResourcesBuildPhase;
			buildActionMask = 2147483647;
			files = (
			);
			runOnlyForDeploymentPostprocessing = 0;
		};
		F91D264E1D24B436005120A6 /* Resources */ = {
			isa = PBXResourcesBuildPhase;
			buildActionMask = 2147483647;
			files = (
			);
			runOnlyForDeploymentPostprocessing = 0;
		};
/* End PBXResourcesBuildPhase section */

/* Begin PBXSourcesBuildPhase section */
		F91D26281D24B436005120A6 /* Sources */ = {
			isa = PBXSourcesBuildPhase;
			buildActionMask = 2147483647;
			files = (
				F91D26341D24B436005120A6 /* AppDelegate.m in Sources */,
				F9945D391D30F1E800AECDAF /* UIBarButtonItem+BSExtension.m in Sources */,
				F95CEC991D56EA4D007A8368 /* BSQuickLoginButton.m in Sources */,
				F9B7407F1D3100E8002AF894 /* BSRecommandFollowViewController.m in Sources */,
				F9945D3C1D30F43B00AECDAF /* BSNavigationController.m in Sources */,
				F98B78EA1D30EE2D00883137 /* BSTabBarController.m in Sources */,
				F9945D2D1D30EF0F00AECDAF /* BSEssenceViewController.m in Sources */,
				F9945D301D30EF1E00AECDAF /* BSFollowViewController.m in Sources */,
				F95CEC951D56E78A007A8368 /* BSLoginViewController.m in Sources */,
				F9945D361D30EF3F00AECDAF /* BSNewViewController.m in Sources */,
				F91D26311D24B436005120A6 /* main.m in Sources */,
				F9945D331D30EF3000AECDAF /* BSMeViewController.m in Sources */,
				F98B78E91D30EE2D00883137 /* BSTabBar.m in Sources */,
				F9B7407C1D30FE87002AF894 /* BSSettingViewController.m in Sources */,
				F98B78E81D30EE2D00883137 /* UIView+BSExtension.m in Sources */,
			);
			runOnlyForDeploymentPostprocessing = 0;
		};
		F91D26411D24B436005120A6 /* Sources */ = {
			isa = PBXSourcesBuildPhase;
			buildActionMask = 2147483647;
			files = (
				F91D264A1D24B436005120A6 /* BaisiTests.m in Sources */,
			);
			runOnlyForDeploymentPostprocessing = 0;
		};
		F91D264C1D24B436005120A6 /* Sources */ = {
			isa = PBXSourcesBuildPhase;
			buildActionMask = 2147483647;
			files = (
				F91D26551D24B436005120A6 /* BaisiUITests.m in Sources */,
			);
			runOnlyForDeploymentPostprocessing = 0;
		};
/* End PBXSourcesBuildPhase section */

/* Begin PBXTargetDependency section */
		F91D26471D24B436005120A6 /* PBXTargetDependency */ = {
			isa = PBXTargetDependency;
			target = F91D262B1D24B436005120A6 /* Baisi */;
			targetProxy = F91D26461D24B436005120A6 /* PBXContainerItemProxy */;
		};
		F91D26521D24B436005120A6 /* PBXTargetDependency */ = {
			isa = PBXTargetDependency;
			target = F91D262B1D24B436005120A6 /* Baisi */;
			targetProxy = F91D26511D24B436005120A6 /* PBXContainerItemProxy */;
		};
/* End PBXTargetDependency section */

/* Begin XCBuildConfiguration section */
		F91D26571D24B436005120A6 /* Debug */ = {
			isa = XCBuildConfiguration;
			buildSettings = {
				ALWAYS_SEARCH_USER_PATHS = NO;
				CLANG_CXX_LANGUAGE_STANDARD = "gnu++0x";
				CLANG_CXX_LIBRARY = "libc++";
				CLANG_ENABLE_MODULES = YES;
				CLANG_ENABLE_OBJC_ARC = YES;
				CLANG_WARN_BOOL_CONVERSION = YES;
				CLANG_WARN_CONSTANT_CONVERSION = YES;
				CLANG_WARN_DIRECT_OBJC_ISA_USAGE = YES_ERROR;
				CLANG_WARN_EMPTY_BODY = YES;
				CLANG_WARN_ENUM_CONVERSION = YES;
				CLANG_WARN_INT_CONVERSION = YES;
				CLANG_WARN_OBJC_ROOT_CLASS = YES_ERROR;
				CLANG_WARN_UNREACHABLE_CODE = YES;
				CLANG_WARN__DUPLICATE_METHOD_MATCH = YES;
				"CODE_SIGN_IDENTITY[sdk=iphoneos*]" = "iPhone Developer";
				COPY_PHASE_STRIP = NO;
				DEBUG_INFORMATION_FORMAT = dwarf;
				ENABLE_STRICT_OBJC_MSGSEND = YES;
				ENABLE_TESTABILITY = YES;
				GCC_C_LANGUAGE_STANDARD = gnu99;
				GCC_DYNAMIC_NO_PIC = NO;
				GCC_NO_COMMON_BLOCKS = YES;
				GCC_OPTIMIZATION_LEVEL = 0;
				GCC_PREPROCESSOR_DEFINITIONS = (
					"DEBUG=1",
					"$(inherited)",
				);
				GCC_WARN_64_TO_32_BIT_CONVERSION = YES;
				GCC_WARN_ABOUT_RETURN_TYPE = YES_ERROR;
				GCC_WARN_UNDECLARED_SELECTOR = YES;
				GCC_WARN_UNINITIALIZED_AUTOS = YES_AGGRESSIVE;
				GCC_WARN_UNUSED_FUNCTION = YES;
				GCC_WARN_UNUSED_VARIABLE = YES;
				IPHONEOS_DEPLOYMENT_TARGET = 9.2;
				MTL_ENABLE_DEBUG_INFO = YES;
				ONLY_ACTIVE_ARCH = YES;
				SDKROOT = iphoneos;
			};
			name = Debug;
		};
		F91D26581D24B436005120A6 /* Release */ = {
			isa = XCBuildConfiguration;
			buildSettings = {
				ALWAYS_SEARCH_USER_PATHS = NO;
				CLANG_CXX_LANGUAGE_STANDARD = "gnu++0x";
				CLANG_CXX_LIBRARY = "libc++";
				CLANG_ENABLE_MODULES = YES;
				CLANG_ENABLE_OBJC_ARC = YES;
				CLANG_WARN_BOOL_CONVERSION = YES;
				CLANG_WARN_CONSTANT_CONVERSION = YES;
				CLANG_WARN_DIRECT_OBJC_ISA_USAGE = YES_ERROR;
				CLANG_WARN_EMPTY_BODY = YES;
				CLANG_WARN_ENUM_CONVERSION = YES;
				CLANG_WARN_INT_CONVERSION = YES;
				CLANG_WARN_OBJC_ROOT_CLASS = YES_ERROR;
				CLANG_WARN_UNREACHABLE_CODE = YES;
				CLANG_WARN__DUPLICATE_METHOD_MATCH = YES;
				"CODE_SIGN_IDENTITY[sdk=iphoneos*]" = "iPhone Developer";
				COPY_PHASE_STRIP = NO;
				DEBUG_INFORMATION_FORMAT = "dwarf-with-dsym";
				ENABLE_NS_ASSERTIONS = NO;
				ENABLE_STRICT_OBJC_MSGSEND = YES;
				GCC_C_LANGUAGE_STANDARD = gnu99;
				GCC_NO_COMMON_BLOCKS = YES;
				GCC_WARN_64_TO_32_BIT_CONVERSION = YES;
				GCC_WARN_ABOUT_RETURN_TYPE = YES_ERROR;
				GCC_WARN_UNDECLARED_SELECTOR = YES;
				GCC_WARN_UNINITIALIZED_AUTOS = YES_AGGRESSIVE;
				GCC_WARN_UNUSED_FUNCTION = YES;
				GCC_WARN_UNUSED_VARIABLE = YES;
				IPHONEOS_DEPLOYMENT_TARGET = 9.2;
				MTL_ENABLE_DEBUG_INFO = NO;
				SDKROOT = iphoneos;
				VALIDATE_PRODUCT = YES;
			};
			name = Release;
		};
		F91D265A1D24B436005120A6 /* Debug */ = {
			isa = XCBuildConfiguration;
			buildSettings = {
				ASSETCATALOG_COMPILER_APPICON_NAME = AppIcon;
				ASSETCATALOG_COMPILER_LAUNCHIMAGE_NAME = "Brand Assets";
				GCC_PREFIX_HEADER = Baisi/PrefixHeader.pch;
				INFOPLIST_FILE = Baisi/Info.plist;
				IPHONEOS_DEPLOYMENT_TARGET = 8.4;
				LD_RUNPATH_SEARCH_PATHS = "$(inherited) @executable_path/Frameworks";
				PRODUCT_BUNDLE_IDENTIFIER = com.imanol.Baisi;
				PRODUCT_NAME = "$(TARGET_NAME)";
			};
			name = Debug;
		};
		F91D265B1D24B436005120A6 /* Release */ = {
			isa = XCBuildConfiguration;
			buildSettings = {
				ASSETCATALOG_COMPILER_APPICON_NAME = AppIcon;
				ASSETCATALOG_COMPILER_LAUNCHIMAGE_NAME = "Brand Assets";
				GCC_PREFIX_HEADER = Baisi/PrefixHeader.pch;
				INFOPLIST_FILE = Baisi/Info.plist;
				IPHONEOS_DEPLOYMENT_TARGET = 8.4;
				LD_RUNPATH_SEARCH_PATHS = "$(inherited) @executable_path/Frameworks";
				PRODUCT_BUNDLE_IDENTIFIER = com.imanol.Baisi;
				PRODUCT_NAME = "$(TARGET_NAME)";
			};
			name = Release;
		};
		F91D265D1D24B436005120A6 /* Debug */ = {
			isa = XCBuildConfiguration;
			buildSettings = {
				BUNDLE_LOADER = "$(TEST_HOST)";
				INFOPLIST_FILE = BaisiTests/Info.plist;
				LD_RUNPATH_SEARCH_PATHS = "$(inherited) @executable_path/Frameworks @loader_path/Frameworks";
				PRODUCT_BUNDLE_IDENTIFIER = com.imanol.BaisiTests;
				PRODUCT_NAME = "$(TARGET_NAME)";
				TEST_HOST = "$(BUILT_PRODUCTS_DIR)/Baisi.app/Baisi";
			};
			name = Debug;
		};
		F91D265E1D24B436005120A6 /* Release */ = {
			isa = XCBuildConfiguration;
			buildSettings = {
				BUNDLE_LOADER = "$(TEST_HOST)";
				INFOPLIST_FILE = BaisiTests/Info.plist;
				LD_RUNPATH_SEARCH_PATHS = "$(inherited) @executable_path/Frameworks @loader_path/Frameworks";
				PRODUCT_BUNDLE_IDENTIFIER = com.imanol.BaisiTests;
				PRODUCT_NAME = "$(TARGET_NAME)";
				TEST_HOST = "$(BUILT_PRODUCTS_DIR)/Baisi.app/Baisi";
			};
			name = Release;
		};
		F91D26601D24B436005120A6 /* Debug */ = {
			isa = XCBuildConfiguration;
			buildSettings = {
				INFOPLIST_FILE = BaisiUITests/Info.plist;
				LD_RUNPATH_SEARCH_PATHS = "$(inherited) @executable_path/Frameworks @loader_path/Frameworks";
				PRODUCT_BUNDLE_IDENTIFIER = com.imanol.BaisiUITests;
				PRODUCT_NAME = "$(TARGET_NAME)";
				TEST_TARGET_NAME = Baisi;
				USES_XCTRUNNER = YES;
			};
			name = Debug;
		};
		F91D26611D24B436005120A6 /* Release */ = {
			isa = XCBuildConfiguration;
			buildSettings = {
				INFOPLIST_FILE = BaisiUITests/Info.plist;
				LD_RUNPATH_SEARCH_PATHS = "$(inherited) @executable_path/Frameworks @loader_path/Frameworks";
				PRODUCT_BUNDLE_IDENTIFIER = com.imanol.BaisiUITests;
				PRODUCT_NAME = "$(TARGET_NAME)";
				TEST_TARGET_NAME = Baisi;
				USES_XCTRUNNER = YES;
			};
			name = Release;
		};
/* End XCBuildConfiguration section */

/* Begin XCConfigurationList section */
		F91D26271D24B436005120A6 /* Build configuration list for PBXProject "Baisi" */ = {
			isa = XCConfigurationList;
			buildConfigurations = (
				F91D26571D24B436005120A6 /* Debug */,
				F91D26581D24B436005120A6 /* Release */,
			);
			defaultConfigurationIsVisible = 0;
			defaultConfigurationName = Release;
		};
		F91D26591D24B436005120A6 /* Build configuration list for PBXNativeTarget "Baisi" */ = {
			isa = XCConfigurationList;
			buildConfigurations = (
				F91D265A1D24B436005120A6 /* Debug */,
				F91D265B1D24B436005120A6 /* Release */,
			);
			defaultConfigurationIsVisible = 0;
			defaultConfigurationName = Release;
		};
		F91D265C1D24B436005120A6 /* Build configuration list for PBXNativeTarget "BaisiTests" */ = {
			isa = XCConfigurationList;
			buildConfigurations = (
				F91D265D1D24B436005120A6 /* Debug */,
				F91D265E1D24B436005120A6 /* Release */,
			);
			defaultConfigurationIsVisible = 0;
			defaultConfigurationName = Release;
		};
		F91D265F1D24B436005120A6 /* Build configuration list for PBXNativeTarget "BaisiUITests" */ = {
			isa = XCConfigurationList;
			buildConfigurations = (
				F91D26601D24B436005120A6 /* Debug */,
				F91D26611D24B436005120A6 /* Release */,
			);
			defaultConfigurationIsVisible = 0;
			defaultConfigurationName = Release;
		};
/* End XCConfigurationList section */
	};
	rootObject = F91D26241D24B436005120A6 /* Project object */;
}
